
Microsoft Visual Studio Solution File, Format Version 12.00
Project("{FAE04EC0-301F-11D3-BF4B-00C04F79EFBC}") = "StudentManagement", "StudentManagement\StudentManagement.csproj", "{1C266E3C-77B7-4458-B72B-C4D0E1611600}"
EndProject
Global
	GlobalSection(SolutionConfigurationPlatforms) = preSolution
		Debug|Any CPU = Debug|Any CPU
		Release|Any CPU = Release|Any CPU
	EndGlobalSection
	GlobalSection(ProjectConfigurationPlatforms) = postSolution
		{1C266E3C-77B7-4458-B72B-C4D0E1611600}.Debug|Any CPU.ActiveCfg = Debug|Any CPU
		{1C266E3C-77B7-4458-B72B-C4D0E1611600}.Debug|Any CPU.Build.0 = Debug|Any CPU
		{1C266E3C-77B7-4458-B72B-C4D0E1611600}.Release|Any CPU.ActiveCfg = Release|Any CPU
		{1C266E3C-77B7-4458-B72B-C4D0E1611600}.Release|Any CPU.Build.0 = Release|Any CPU
	EndGlobalSection
EndGlobal
