
Microsoft Visual Studio Solution File, Format Version 12.00
Project("{FAE04EC0-301F-11D3-BF4B-00C04F79EFBC}") = "Middleware", "Middleware\Middleware.csproj", "{F7344E7C-CFE2-4274-9AE3-D742FBFE0783}"
EndProject
Global
	GlobalSection(SolutionConfigurationPlatforms) = preSolution
		Debug|Any CPU = Debug|Any CPU
		Release|Any CPU = Release|Any CPU
	EndGlobalSection
	GlobalSection(ProjectConfigurationPlatforms) = postSolution
		{F7344E7C-CFE2-4274-9AE3-D742FBFE0783}.Debug|Any CPU.ActiveCfg = Debug|Any CPU
		{F7344E7C-CFE2-4274-9AE3-D742FBFE0783}.Debug|Any CPU.Build.0 = Debug|Any CPU
		{F7344E7C-CFE2-4274-9AE3-D742FBFE0783}.Release|Any CPU.ActiveCfg = Release|Any CPU
		{F7344E7C-CFE2-4274-9AE3-D742FBFE0783}.Release|Any CPU.Build.0 = Release|Any CPU
	EndGlobalSection
EndGlobal
